{
  "name": "jsfusion-samples",
  "version": "1.0.0",
  "lockfileVersion": 2,
  "requires": true,
  "packages": {
    "": {
      "name": "jsfusion-samples",
      "version": "1.0.0",
      "license": "MIT",
      "dependencies": {
        "jsfusion": "^0.0.1-alpha.1"
      }
    },
    "node_modules/jsfusion": {
      "version": "0.0.1-alpha.1",
      "resolved": "https://registry.npmjs.org/jsfusion/-/jsfusion-0.0.1-alpha.1.tgz",
      "integrity": "sha512-wqYk3Ef/L1ZaXT2EqA+RugHI7IbFTSLKCc/hVUoVe0jDqkA10J+7iBmvtNynomaPBv+8jpLqH3goNFCqhdURRQ=="
    }
  },
  "dependencies": {
    "jsfusion": {
      "version": "0.0.1-alpha.1",
      "resolved": "https://registry.npmjs.org/jsfusion/-/jsfusion-0.0.1-alpha.1.tgz",
      "integrity": "sha512-wqYk3Ef/L1ZaXT2EqA+RugHI7IbFTSLKCc/hVUoVe0jDqkA10J+7iBmvtNynomaPBv+8jpLqH3goNFCqhdURRQ=="
    }
  }
}
