{
  "name": "jsfusion-samples",
  "version": "1.0.0",
  "lockfileVersion": 2,
  "requires": true,
  "packages": {
    "": {
      "name": "jsfusion-samples",
      "version": "1.0.0",
      "license": "MIT",
      "dependencies": {
        "jsfusion": "^0.0.2-alpha.1"
      }
    },
    "node_modules/jsfusion": {
      "version": "0.0.2-alpha.1",
      "resolved": "https://registry.npmjs.org/jsfusion/-/jsfusion-0.0.2-alpha.1.tgz",
      "integrity": "sha512-6Df+Hucm8+41coiQ8Jn8H9WbzqJSW/In4F5PkVlwbw8jCObAyiqxBopi3xS0ATIU9txApGm65qP7wYFRC/pMiA=="
    }
  },
  "dependencies": {
    "jsfusion": {
      "version": "0.0.2-alpha.1",
      "resolved": "https://registry.npmjs.org/jsfusion/-/jsfusion-0.0.2-alpha.1.tgz",
      "integrity": "sha512-6Df+Hucm8+41coiQ8Jn8H9WbzqJSW/In4F5PkVlwbw8jCObAyiqxBopi3xS0ATIU9txApGm65qP7wYFRC/pMiA=="
    }
  }
}
